// !$*UTF8*$!
{
	archiveVersion = 1;
	classes = {
	};
	objectVersion = 46;
	objects = {

/* Begin PBXBuildFile section */
		BD5E4B821E22E80600AD8DF9 /* VariableHeightTableCellsUITests.swift in Sources */ = {isa = PBXBuildFile; fileRef = BD5E4B811E22E80600AD8DF9 /* VariableHeightTableCellsUITests.swift */; };
		BD5E4B8B1E22F0EB00AD8DF9 /* CwlRandom.swift in Sources */ = {isa = PBXBuildFile; fileRef = BD5E4B8A1E22F0EB00AD8DF9 /* CwlRandom.swift */; };
		BD797F241E1EF6510044AFE8 /* AppDelegate.swift in Sources */ = {isa = PBXBuildFile; fileRef = BD797F231E1EF6510044AFE8 /* AppDelegate.swift */; };
		BD797F261E1EF6510044AFE8 /* VariableHeightTableViewController.swift in Sources */ = {isa = PBXBuildFile; fileRef = BD797F251E1EF6510044AFE8 /* VariableHeightTableViewController.swift */; };
		BD797F291E1EF6510044AFE8 /* Main.storyboard in Resources */ = {isa = PBXBuildFile; fileRef = BD797F271E1EF6510044AFE8 /* Main.storyboard */; };
		BD797F2B1E1EF6510044AFE8 /* Assets.xcassets in Resources */ = {isa = PBXBuildFile; fileRef = BD797F2A1E1EF6510044AFE8 /* Assets.xcassets */; };
		BD797F2E1E1EF6510044AFE8 /* LaunchScreen.storyboard in Resources */ = {isa = PBXBuildFile; fileRef = BD797F2C1E1EF6510044AFE8 /* LaunchScreen.storyboard */; };
		BD797F361E1EF7410044AFE8 /* DataCell.xib in Resources */ = {isa = PBXBuildFile; fileRef = BD797F351E1EF7410044AFE8 /* DataCell.xib */; };
		BD797F381E1EF9350044AFE8 /* DataCell.swift in Sources */ = {isa = PBXBuildFile; fileRef = BD797F371E1EF9350044AFE8 /* DataCell.swift */; };
		BD797F3C1E1F89850044AFE8 /* FullTextView.swift in Sources */ = {isa = PBXBuildFile; fileRef = BD797F3B1E1F89850044AFE8 /* FullTextView.swift */; };
		BD9D947D1E1FCDA200D329CB /* DataSource.swift in Sources */ = {isa = PBXBuildFile; fileRef = BD9D947C1E1FCDA200D329CB /* DataSource.swift */; };
		BD9D947F1E1FF50F00D329CB /* HeightCalculationStrategy.swift in Sources */ = {isa = PBXBuildFile; fileRef = BD9D947E1E1FF50F00D329CB /* HeightCalculationStrategy.swift */; };
		BD9D94811E204F1100D329CB /* LoremIpsum.swift in Sources */ = {isa = PBXBuildFile; fileRef = BD9D94801E204F1100D329CB /* LoremIpsum.swift */; };
		BDC5DAF41F310D30005FAB2D /* DayMarkerCell.xib in Resources */ = {isa = PBXBuildFile; fileRef = BDC5DAF31F310D30005FAB2D /* DayMarkerCell.xib */; };
		BDC5DAF61F310DCA005FAB2D /* DayMarkerCell.swift in Sources */ = {isa = PBXBuildFile; fileRef = BDC5DAF51F310DCA005FAB2D /* DayMarkerCell.swift */; };
		BDC5DAF81F31206D005FAB2D /* Cell.swift in Sources */ = {isa = PBXBuildFile; fileRef = BDC5DAF71F31206D005FAB2D /* Cell.swift */; };
		BDC5DAFA1F312818005FAB2D /* UINib+Extensions.swift in Sources */ = {isa = PBXBuildFile; fileRef = BDC5DAF91F312818005FAB2D /* UINib+Extensions.swift */; };
		BDC5DAFC1F312A21005FAB2D /* UITableView+Extensions.swift in Sources */ = {isa = PBXBuildFile; fileRef = BDC5DAFB1F312A21005FAB2D /* UITableView+Extensions.swift */; };
		BDC5DAFE1F312A7F005FAB2D /* CellIdent.swift in Sources */ = {isa = PBXBuildFile; fileRef = BDC5DAFD1F312A7F005FAB2D /* CellIdent.swift */; };
		BDC5DB001F312AA2005FAB2D /* SizableCell.swift in Sources */ = {isa = PBXBuildFile; fileRef = BDC5DAFF1F312AA2005FAB2D /* SizableCell.swift */; };
		BDC5DB021F31CE90005FAB2D /* Content.swift in Sources */ = {isa = PBXBuildFile; fileRef = BDC5DB011F31CE90005FAB2D /* Content.swift */; };
/* End PBXBuildFile section */

/* Begin PBXContainerItemProxy section */
		BD5E4B841E22E80600AD8DF9 /* PBXContainerItemProxy */ = {
			isa = PBXContainerItemProxy;
			containerPortal = BD797F181E1EF6500044AFE8 /* Project object */;
			proxyType = 1;
			remoteGlobalIDString = BD797F1F1E1EF6510044AFE8;
			remoteInfo = VariableHeightTableCells;
		};
/* End PBXContainerItemProxy section */

/* Begin PBXFileReference section */
		BD5E4B7F1E22E80600AD8DF9 /* VariableHeightTableCellsUITests.xctest */ = {isa = PBXFileReference; explicitFileType = wrapper.cfbundle; includeInIndex = 0; path = VariableHeightTableCellsUITests.xctest; sourceTree = BUILT_PRODUCTS_DIR; };
		BD5E4B811E22E80600AD8DF9 /* VariableHeightTableCellsUITests.swift */ = {isa = PBXFileReference; lastKnownFileType = sourcecode.swift; path = VariableHeightTableCellsUITests.swift; sourceTree = "<group>"; };
		BD5E4B831E22E80600AD8DF9 /* Info.plist */ = {isa = PBXFileReference; lastKnownFileType = text.plist.xml; path = Info.plist; sourceTree = "<group>"; };
		BD5E4B8A1E22F0EB00AD8DF9 /* CwlRandom.swift */ = {isa = PBXFileReference; fileEncoding = 4; lastKnownFileType = sourcecode.swift; path = CwlRandom.swift; sourceTree = "<group>"; };
		BD797F201E1EF6510044AFE8 /* VariableHeightTableCells.app */ = {isa = PBXFileReference; explicitFileType = wrapper.application; includeInIndex = 0; path = VariableHeightTableCells.app; sourceTree = BUILT_PRODUCTS_DIR; };
		BD797F231E1EF6510044AFE8 /* AppDelegate.swift */ = {isa = PBXFileReference; lastKnownFileType = sourcecode.swift; path = AppDelegate.swift; sourceTree = "<group>"; };
		BD797F251E1EF6510044AFE8 /* VariableHeightTableViewController.swift */ = {isa = PBXFileReference; lastKnownFileType = sourcecode.swift; path = VariableHeightTableViewController.swift; sourceTree = "<group>"; };
		BD797F281E1EF6510044AFE8 /* Base */ = {isa = PBXFileReference; lastKnownFileType = file.storyboard; name = Base; path = Base.lproj/Main.storyboard; sourceTree = "<group>"; };
		BD797F2A1E1EF6510044AFE8 /* Assets.xcassets */ = {isa = PBXFileReference; lastKnownFileType = folder.assetcatalog; path = Assets.xcassets; sourceTree = "<group>"; };
		BD797F2D1E1EF6510044AFE8 /* Base */ = {isa = PBXFileReference; lastKnownFileType = file.storyboard; name = Base; path = Base.lproj/LaunchScreen.storyboard; sourceTree = "<group>"; };
		BD797F2F1E1EF6510044AFE8 /* Info.plist */ = {isa = PBXFileReference; lastKnownFileType = text.plist.xml; path = Info.plist; sourceTree = "<group>"; };
		BD797F351E1EF7410044AFE8 /* DataCell.xib */ = {isa = PBXFileReference; fileEncoding = 4; lastKnownFileType = file.xib; path = DataCell.xib; sourceTree = "<group>"; };
		BD797F371E1EF9350044AFE8 /* DataCell.swift */ = {isa = PBXFileReference; fileEncoding = 4; lastKnownFileType = sourcecode.swift; path = DataCell.swift; sourceTree = "<group>"; };
		BD797F3B1E1F89850044AFE8 /* FullTextView.swift */ = {isa = PBXFileReference; fileEncoding = 4; lastKnownFileType = sourcecode.swift; path = FullTextView.swift; sourceTree = "<group>"; };
		BD9D947C1E1FCDA200D329CB /* DataSource.swift */ = {isa = PBXFileReference; fileEncoding = 4; lastKnownFileType = sourcecode.swift; path = DataSource.swift; sourceTree = "<group>"; };
		BD9D947E1E1FF50F00D329CB /* HeightCalculationStrategy.swift */ = {isa = PBXFileReference; fileEncoding = 4; lastKnownFileType = sourcecode.swift; path = HeightCalculationStrategy.swift; sourceTree = "<group>"; };
		BD9D94801E204F1100D329CB /* LoremIpsum.swift */ = {isa = PBXFileReference; fileEncoding = 4; lastKnownFileType = sourcecode.swift; path = LoremIpsum.swift; sourceTree = "<group>"; };
		BDC5DAF31F310D30005FAB2D /* DayMarkerCell.xib */ = {isa = PBXFileReference; fileEncoding = 4; lastKnownFileType = file.xib; path = DayMarkerCell.xib; sourceTree = "<group>"; };
		BDC5DAF51F310DCA005FAB2D /* DayMarkerCell.swift */ = {isa = PBXFileReference; fileEncoding = 4; lastKnownFileType = sourcecode.swift; path = DayMarkerCell.swift; sourceTree = "<group>"; };
		BDC5DAF71F31206D005FAB2D /* Cell.swift */ = {isa = PBXFileReference; fileEncoding = 4; lastKnownFileType = sourcecode.swift; path = Cell.swift; sourceTree = "<group>"; };
		BDC5DAF91F312818005FAB2D /* UINib+Extensions.swift */ = {isa = PBXFileReference; fileEncoding = 4; lastKnownFileType = sourcecode.swift; path = "UINib+Extensions.swift"; sourceTree = "<group>"; };
		BDC5DAFB1F312A21005FAB2D /* UITableView+Extensions.swift */ = {isa = PBXFileReference; fileEncoding = 4; lastKnownFileType = sourcecode.swift; path = "UITableView+Extensions.swift"; sourceTree = "<group>"; };
		BDC5DAFD1F312A7F005FAB2D /* CellIdent.swift */ = {isa = PBXFileReference; fileEncoding = 4; lastKnownFileType = sourcecode.swift; name = CellIdent.swift; path = ../CellIdent.swift; sourceTree = "<group>"; };
		BDC5DAFF1F312AA2005FAB2D /* SizableCell.swift */ = {isa = PBXFileReference; fileEncoding = 4; lastKnownFileType = sourcecode.swift; name = SizableCell.swift; path = ../SizableCell.swift; sourceTree = "<group>"; };
		BDC5DB011F31CE90005FAB2D /* Content.swift */ = {isa = PBXFileReference; fileEncoding = 4; lastKnownFileType = sourcecode.swift; path = Content.swift; sourceTree = "<group>"; };
/* End PBXFileReference section */

/* Begin PBXFrameworksBuildPhase section */
		BD5E4B7C1E22E80600AD8DF9 /* Frameworks */ = {
			isa = PBXFrameworksBuildPhase;
			buildActionMask = 2147483647;
			files = (
			);
			runOnlyForDeploymentPostprocessing = 0;
		};
		BD797F1D1E1EF6510044AFE8 /* Frameworks */ = {
			isa = PBXFrameworksBuildPhase;
			buildActionMask = 2147483647;
			files = (
			);
			runOnlyForDeploymentPostprocessing = 0;
		};
/* End PBXFrameworksBuildPhase section */

/* Begin PBXGroup section */
		BD5E4B801E22E80600AD8DF9 /* VariableHeightTableCellsUITests */ = {
			isa = PBXGroup;
			children = (
				BD5E4B811E22E80600AD8DF9 /* VariableHeightTableCellsUITests.swift */,
				BD5E4B831E22E80600AD8DF9 /* Info.plist */,
			);
			path = VariableHeightTableCellsUITests;
			sourceTree = "<group>";
		};
		BD797F171E1EF6500044AFE8 = {
			isa = PBXGroup;
			children = (
				BD797F221E1EF6510044AFE8 /* VariableHeightTableCells */,
				BD5E4B801E22E80600AD8DF9 /* VariableHeightTableCellsUITests */,
				BD797F211E1EF6510044AFE8 /* Products */,
			);
			sourceTree = "<group>";
		};
		BD797F211E1EF6510044AFE8 /* Products */ = {
			isa = PBXGroup;
			children = (
				BD797F201E1EF6510044AFE8 /* VariableHeightTableCells.app */,
				BD5E4B7F1E22E80600AD8DF9 /* VariableHeightTableCellsUITests.xctest */,
			);
			name = Products;
			sourceTree = "<group>";
		};
		BD797F221E1EF6510044AFE8 /* VariableHeightTableCells */ = {
			isa = PBXGroup;
			children = (
				BD797F231E1EF6510044AFE8 /* AppDelegate.swift */,
				BD797F271E1EF6510044AFE8 /* Main.storyboard */,
				BDC5DAF71F31206D005FAB2D /* Cell.swift */,
				BDC5DAFD1F312A7F005FAB2D /* CellIdent.swift */,
				BD797F351E1EF7410044AFE8 /* DataCell.xib */,
				BD797F371E1EF9350044AFE8 /* DataCell.swift */,
				BDC5DAF31F310D30005FAB2D /* DayMarkerCell.xib */,
				BDC5DAF51F310DCA005FAB2D /* DayMarkerCell.swift */,
				BDC5DAF91F312818005FAB2D /* UINib+Extensions.swift */,
				BDC5DAFB1F312A21005FAB2D /* UITableView+Extensions.swift */,
				BD9D947C1E1FCDA200D329CB /* DataSource.swift */,
				BDC5DB011F31CE90005FAB2D /* Content.swift */,
				BD9D947E1E1FF50F00D329CB /* HeightCalculationStrategy.swift */,
				BD797F3B1E1F89850044AFE8 /* FullTextView.swift */,
				BDC5DAFF1F312AA2005FAB2D /* SizableCell.swift */,
				BD797F251E1EF6510044AFE8 /* VariableHeightTableViewController.swift */,
				BD5E4B8A1E22F0EB00AD8DF9 /* CwlRandom.swift */,
				BD9D94801E204F1100D329CB /* LoremIpsum.swift */,
				BD797F2A1E1EF6510044AFE8 /* Assets.xcassets */,
				BD797F2C1E1EF6510044AFE8 /* LaunchScreen.storyboard */,
				BD797F2F1E1EF6510044AFE8 /* Info.plist */,
			);
			path = VariableHeightTableCells;
			sourceTree = "<group>";
		};
/* End PBXGroup section */

/* Begin PBXNativeTarget section */
		BD5E4B7E1E22E80600AD8DF9 /* VariableHeightTableCellsUITests */ = {
			isa = PBXNativeTarget;
			buildConfigurationList = BD5E4B861E22E80600AD8DF9 /* Build configuration list for PBXNativeTarget "VariableHeightTableCellsUITests" */;
			buildPhases = (
				BD5E4B7B1E22E80600AD8DF9 /* Sources */,
				BD5E4B7C1E22E80600AD8DF9 /* Frameworks */,
				BD5E4B7D1E22E80600AD8DF9 /* Resources */,
			);
			buildRules = (
			);
			dependencies = (
				BD5E4B851E22E80600AD8DF9 /* PBXTargetDependency */,
			);
			name = VariableHeightTableCellsUITests;
			productName = VariableHeightTableCellsUITests;
			productReference = BD5E4B7F1E22E80600AD8DF9 /* VariableHeightTableCellsUITests.xctest */;
			productType = "com.apple.product-type.bundle.ui-testing";
		};
		BD797F1F1E1EF6510044AFE8 /* VariableHeightTableCells */ = {
			isa = PBXNativeTarget;
			buildConfigurationList = BD797F321E1EF6510044AFE8 /* Build configuration list for PBXNativeTarget "VariableHeightTableCells" */;
			buildPhases = (
				BD797F1C1E1EF6510044AFE8 /* Sources */,
				BD797F1D1E1EF6510044AFE8 /* Frameworks */,
				BD797F1E1E1EF6510044AFE8 /* Resources */,
			);
			buildRules = (
			);
			dependencies = (
			);
			name = VariableHeightTableCells;
			productName = VariableHeightTableCells;
			productReference = BD797F201E1EF6510044AFE8 /* VariableHeightTableCells.app */;
			productType = "com.apple.product-type.application";
		};
/* End PBXNativeTarget section */

/* Begin PBXProject section */
		BD797F181E1EF6500044AFE8 /* Project object */ = {
			isa = PBXProject;
			attributes = {
				LastSwiftUpdateCheck = 0820;
				LastUpgradeCheck = 0820;
				ORGANIZATIONNAME = "Brad Howes";
				TargetAttributes = {
					BD5E4B7E1E22E80600AD8DF9 = {
						CreatedOnToolsVersion = 8.2;
						DevelopmentTeam = Z7R62JH5A8;
						ProvisioningStyle = Automatic;
						TestTargetID = BD797F1F1E1EF6510044AFE8;
					};
					BD797F1F1E1EF6510044AFE8 = {
						CreatedOnToolsVersion = 8.2;
						DevelopmentTeam = Z7R62JH5A8;
						ProvisioningStyle = Automatic;
					};
				};
			};
			buildConfigurationList = BD797F1B1E1EF6500044AFE8 /* Build configuration list for PBXProject "VariableHeightTableCells" */;
			compatibilityVersion = "Xcode 3.2";
			developmentRegion = English;
			hasScannedForEncodings = 0;
			knownRegions = (
				en,
				Base,
			);
			mainGroup = BD797F171E1EF6500044AFE8;
			productRefGroup = BD797F211E1EF6510044AFE8 /* Products */;
			projectDirPath = "";
			projectRoot = "";
			targets = (
				BD797F1F1E1EF6510044AFE8 /* VariableHeightTableCells */,
				BD5E4B7E1E22E80600AD8DF9 /* VariableHeightTableCellsUITests */,
			);
		};
/* End PBXProject section */

/* Begin PBXResourcesBuildPhase section */
		BD5E4B7D1E22E80600AD8DF9 /* Resources */ = {
			isa = PBXResourcesBuildPhase;
			buildActionMask = 2147483647;
			files = (
			);
			runOnlyForDeploymentPostprocessing = 0;
		};
		BD797F1E1E1EF6510044AFE8 /* Resources */ = {
			isa = PBXResourcesBuildPhase;
			buildActionMask = 2147483647;
			files = (
				BDC5DAF41F310D30005FAB2D /* DayMarkerCell.xib in Resources */,
				BD797F2E1E1EF6510044AFE8 /* LaunchScreen.storyboard in Resources */,
				BD797F361E1EF7410044AFE8 /* DataCell.xib in Resources */,
				BD797F2B1E1EF6510044AFE8 /* Assets.xcassets in Resources */,
				BD797F291E1EF6510044AFE8 /* Main.storyboard in Resources */,
			);
			runOnlyForDeploymentPostprocessing = 0;
		};
/* End PBXResourcesBuildPhase section */

/* Begin PBXSourcesBuildPhase section */
		BD5E4B7B1E22E80600AD8DF9 /* Sources */ = {
			isa = PBXSourcesBuildPhase;
			buildActionMask = 2147483647;
			files = (
				BD5E4B821E22E80600AD8DF9 /* VariableHeightTableCellsUITests.swift in Sources */,
			);
			runOnlyForDeploymentPostprocessing = 0;
		};
		BD797F1C1E1EF6510044AFE8 /* Sources */ = {
			isa = PBXSourcesBuildPhase;
			buildActionMask = 2147483647;
			files = (
				BD9D947D1E1FCDA200D329CB /* DataSource.swift in Sources */,
				BD5E4B8B1E22F0EB00AD8DF9 /* CwlRandom.swift in Sources */,
				BD9D947F1E1FF50F00D329CB /* HeightCalculationStrategy.swift in Sources */,
				BDC5DAFC1F312A21005FAB2D /* UITableView+Extensions.swift in Sources */,
				BD9D94811E204F1100D329CB /* LoremIpsum.swift in Sources */,
				BDC5DAFA1F312818005FAB2D /* UINib+Extensions.swift in Sources */,
				BDC5DAFE1F312A7F005FAB2D /* CellIdent.swift in Sources */,
				BD797F3C1E1F89850044AFE8 /* FullTextView.swift in Sources */,
				BDC5DB021F31CE90005FAB2D /* Content.swift in Sources */,
				BDC5DB001F312AA2005FAB2D /* SizableCell.swift in Sources */,
				BDC5DAF61F310DCA005FAB2D /* DayMarkerCell.swift in Sources */,
				BD797F261E1EF6510044AFE8 /* VariableHeightTableViewController.swift in Sources */,
				BDC5DAF81F31206D005FAB2D /* Cell.swift in Sources */,
				BD797F241E1EF6510044AFE8 /* AppDelegate.swift in Sources */,
				BD797F381E1EF9350044AFE8 /* DataCell.swift in Sources */,
			);
			runOnlyForDeploymentPostprocessing = 0;
		};
/* End PBXSourcesBuildPhase section */

/* Begin PBXTargetDependency section */
		BD5E4B851E22E80600AD8DF9 /* PBXTargetDependency */ = {
			isa = PBXTargetDependency;
			target = BD797F1F1E1EF6510044AFE8 /* VariableHeightTableCells */;
			targetProxy = BD5E4B841E22E80600AD8DF9 /* PBXContainerItemProxy */;
		};
/* End PBXTargetDependency section */

/* Begin PBXVariantGroup section */
		BD797F271E1EF6510044AFE8 /* Main.storyboard */ = {
			isa = PBXVariantGroup;
			children = (
				BD797F281E1EF6510044AFE8 /* Base */,
			);
			name = Main.storyboard;
			sourceTree = "<group>";
		};
		BD797F2C1E1EF6510044AFE8 /* LaunchScreen.storyboard */ = {
			isa = PBXVariantGroup;
			children = (
				BD797F2D1E1EF6510044AFE8 /* Base */,
			);
			name = LaunchScreen.storyboard;
			sourceTree = "<group>";
		};
/* End PBXVariantGroup section */

/* Begin XCBuildConfiguration section */
		BD5E4B871E22E80600AD8DF9 /* Debug */ = {
			isa = XCBuildConfiguration;
			buildSettings = {
				DEVELOPMENT_TEAM = Z7R62JH5A8;
				INFOPLIST_FILE = VariableHeightTableCellsUITests/Info.plist;
				IPHONEOS_DEPLOYMENT_TARGET = 10.2;
				LD_RUNPATH_SEARCH_PATHS = "$(inherited) @executable_path/Frameworks @loader_path/Frameworks";
				PRODUCT_BUNDLE_IDENTIFIER = com.brhcode.VariableHeightTableCellsUITests;
				PRODUCT_NAME = "$(TARGET_NAME)";
				SWIFT_VERSION = 3.0;
				TEST_TARGET_NAME = VariableHeightTableCells;
			};
			name = Debug;
		};
		BD5E4B881E22E80600AD8DF9 /* Release */ = {
			isa = XCBuildConfiguration;
			buildSettings = {
				DEVELOPMENT_TEAM = Z7R62JH5A8;
				INFOPLIST_FILE = VariableHeightTableCellsUITests/Info.plist;
				IPHONEOS_DEPLOYMENT_TARGET = 10.2;
				LD_RUNPATH_SEARCH_PATHS = "$(inherited) @executable_path/Frameworks @loader_path/Frameworks";
				PRODUCT_BUNDLE_IDENTIFIER = com.brhcode.VariableHeightTableCellsUITests;
				PRODUCT_NAME = "$(TARGET_NAME)";
				SWIFT_VERSION = 3.0;
				TEST_TARGET_NAME = VariableHeightTableCells;
			};
			name = Release;
		};
		BD797F301E1EF6510044AFE8 /* Debug */ = {
			isa = XCBuildConfiguration;
			buildSettings = {
				ALWAYS_SEARCH_USER_PATHS = NO;
				CLANG_ANALYZER_NONNULL = YES;
				CLANG_CXX_LANGUAGE_STANDARD = "gnu++0x";
				CLANG_CXX_LIBRARY = "libc++";
				CLANG_ENABLE_MODULES = YES;
				CLANG_ENABLE_OBJC_ARC = YES;
				CLANG_WARN_BOOL_CONVERSION = YES;
				CLANG_WARN_CONSTANT_CONVERSION = YES;
				CLANG_WARN_DIRECT_OBJC_ISA_USAGE = YES_ERROR;
				CLANG_WARN_DOCUMENTATION_COMMENTS = YES;
				CLANG_WARN_EMPTY_BODY = YES;
				CLANG_WARN_ENUM_CONVERSION = YES;
				CLANG_WARN_INFINITE_RECURSION = YES;
				CLANG_WARN_INT_CONVERSION = YES;
				CLANG_WARN_OBJC_ROOT_CLASS = YES_ERROR;
				CLANG_WARN_SUSPICIOUS_MOVE = YES;
				CLANG_WARN_UNREACHABLE_CODE = YES;
				CLANG_WARN__DUPLICATE_METHOD_MATCH = YES;
				"CODE_SIGN_IDENTITY[sdk=iphoneos*]" = "iPhone Developer";
				COPY_PHASE_STRIP = NO;
				DEBUG_INFORMATION_FORMAT = dwarf;
				ENABLE_STRICT_OBJC_MSGSEND = YES;
				ENABLE_TESTABILITY = YES;
				GCC_C_LANGUAGE_STANDARD = gnu99;
				GCC_DYNAMIC_NO_PIC = NO;
				GCC_NO_COMMON_BLOCKS = YES;
				GCC_OPTIMIZATION_LEVEL = 0;
				GCC_PREPROCESSOR_DEFINITIONS = (
					"DEBUG=1",
					"$(inherited)",
				);
				GCC_WARN_64_TO_32_BIT_CONVERSION = YES;
				GCC_WARN_ABOUT_RETURN_TYPE = YES_ERROR;
				GCC_WARN_UNDECLARED_SELECTOR = YES;
				GCC_WARN_UNINITIALIZED_AUTOS = YES_AGGRESSIVE;
				GCC_WARN_UNUSED_FUNCTION = YES;
				GCC_WARN_UNUSED_VARIABLE = YES;
				IPHONEOS_DEPLOYMENT_TARGET = 9.0;
				MTL_ENABLE_DEBUG_INFO = YES;
				ONLY_ACTIVE_ARCH = YES;
				SDKROOT = iphoneos;
				SWIFT_ACTIVE_COMPILATION_CONDITIONS = DEBUG;
				SWIFT_OPTIMIZATION_LEVEL = "-Onone";
				TARGETED_DEVICE_FAMILY = "1,2";
			};
			name = Debug;
		};
		BD797F311E1EF6510044AFE8 /* Release */ = {
			isa = XCBuildConfiguration;
			buildSettings = {
				ALWAYS_SEARCH_USER_PATHS = NO;
				CLANG_ANALYZER_NONNULL = YES;
				CLANG_CXX_LANGUAGE_STANDARD = "gnu++0x";
				CLANG_CXX_LIBRARY = "libc++";
				CLANG_ENABLE_MODULES = YES;
				CLANG_ENABLE_OBJC_ARC = YES;
				CLANG_WARN_BOOL_CONVERSION = YES;
				CLANG_WARN_CONSTANT_CONVERSION = YES;
				CLANG_WARN_DIRECT_OBJC_ISA_USAGE = YES_ERROR;
				CLANG_WARN_DOCUMENTATION_COMMENTS = YES;
				CLANG_WARN_EMPTY_BODY = YES;
				CLANG_WARN_ENUM_CONVERSION = YES;
				CLANG_WARN_INFINITE_RECURSION = YES;
				CLANG_WARN_INT_CONVERSION = YES;
				CLANG_WARN_OBJC_ROOT_CLASS = YES_ERROR;
				CLANG_WARN_SUSPICIOUS_MOVE = YES;
				CLANG_WARN_UNREACHABLE_CODE = YES;
				CLANG_WARN__DUPLICATE_METHOD_MATCH = YES;
				"CODE_SIGN_IDENTITY[sdk=iphoneos*]" = "iPhone Developer";
				COPY_PHASE_STRIP = NO;
				DEBUG_INFORMATION_FORMAT = "dwarf-with-dsym";
				ENABLE_NS_ASSERTIONS = NO;
				ENABLE_STRICT_OBJC_MSGSEND = YES;
				GCC_C_LANGUAGE_STANDARD = gnu99;
				GCC_NO_COMMON_BLOCKS = YES;
				GCC_WARN_64_TO_32_BIT_CONVERSION = YES;
				GCC_WARN_ABOUT_RETURN_TYPE = YES_ERROR;
				GCC_WARN_UNDECLARED_SELECTOR = YES;
				GCC_WARN_UNINITIALIZED_AUTOS = YES_AGGRESSIVE;
				GCC_WARN_UNUSED_FUNCTION = YES;
				GCC_WARN_UNUSED_VARIABLE = YES;
				IPHONEOS_DEPLOYMENT_TARGET = 9.0;
				MTL_ENABLE_DEBUG_INFO = NO;
				SDKROOT = iphoneos;
				SWIFT_OPTIMIZATION_LEVEL = "-Owholemodule";
				TARGETED_DEVICE_FAMILY = "1,2";
				VALIDATE_PRODUCT = YES;
			};
			name = Release;
		};
		BD797F331E1EF6510044AFE8 /* Debug */ = {
			isa = XCBuildConfiguration;
			buildSettings = {
				ASSETCATALOG_COMPILER_APPICON_NAME = AppIcon;
				DEVELOPMENT_TEAM = Z7R62JH5A8;
				INFOPLIST_FILE = VariableHeightTableCells/Info.plist;
				LD_RUNPATH_SEARCH_PATHS = "$(inherited) @executable_path/Frameworks";
				PRODUCT_BUNDLE_IDENTIFIER = com.brhcode.VariableHeightTableCells;
				PRODUCT_NAME = "$(TARGET_NAME)";
				SWIFT_VERSION = 3.0;
			};
			name = Debug;
		};
		BD797F341E1EF6510044AFE8 /* Release */ = {
			isa = XCBuildConfiguration;
			buildSettings = {
				ASSETCATALOG_COMPILER_APPICON_NAME = AppIcon;
				DEVELOPMENT_TEAM = Z7R62JH5A8;
				INFOPLIST_FILE = VariableHeightTableCells/Info.plist;
				LD_RUNPATH_SEARCH_PATHS = "$(inherited) @executable_path/Frameworks";
				PRODUCT_BUNDLE_IDENTIFIER = com.brhcode.VariableHeightTableCells;
				PRODUCT_NAME = "$(TARGET_NAME)";
				SWIFT_VERSION = 3.0;
			};
			name = Release;
		};
/* End XCBuildConfiguration section */

/* Begin XCConfigurationList section */
		BD5E4B861E22E80600AD8DF9 /* Build configuration list for PBXNativeTarget "VariableHeightTableCellsUITests" */ = {
			isa = XCConfigurationList;
			buildConfigurations = (
				BD5E4B871E22E80600AD8DF9 /* Debug */,
				BD5E4B881E22E80600AD8DF9 /* Release */,
			);
			defaultConfigurationIsVisible = 0;
			defaultConfigurationName = Release;
		};
		BD797F1B1E1EF6500044AFE8 /* Build configuration list for PBXProject "VariableHeightTableCells" */ = {
			isa = XCConfigurationList;
			buildConfigurations = (
				BD797F301E1EF6510044AFE8 /* Debug */,
				BD797F311E1EF6510044AFE8 /* Release */,
			);
			defaultConfigurationIsVisible = 0;
			defaultConfigurationName = Release;
		};
		BD797F321E1EF6510044AFE8 /* Build configuration list for PBXNativeTarget "VariableHeightTableCells" */ = {
			isa = XCConfigurationList;
			buildConfigurations = (
				BD797F331E1EF6510044AFE8 /* Debug */,
				BD797F341E1EF6510044AFE8 /* Release */,
			);
			defaultConfigurationIsVisible = 0;
			defaultConfigurationName = Release;
		};
/* End XCConfigurationList section */
	};
	rootObject = BD797F181E1EF6500044AFE8 /* Project object */;
}
